// !$*UTF8*$!
{
	archiveVersion = 1;
	classes = {
	};
	objectVersion = 46;
	objects = {

/* Begin PBXBuildFile section */
		241C0FB01CE4A51E00B9CB38 /* StudentLocationAnnotation.swift in Sources */ = {isa = PBXBuildFile; fileRef = 241C0FAF1CE4A51E00B9CB38 /* StudentLocationAnnotation.swift */; };
		24390BD81CE2D47900F45C67 /* AppDelegate.swift in Sources */ = {isa = PBXBuildFile; fileRef = 24390BD71CE2D47900F45C67 /* AppDelegate.swift */; };
		24390BDA1CE2D47900F45C67 /* LoginViewController.swift in Sources */ = {isa = PBXBuildFile; fileRef = 24390BD91CE2D47900F45C67 /* LoginViewController.swift */; };
		24390BDD1CE2D47900F45C67 /* Main.storyboard in Resources */ = {isa = PBXBuildFile; fileRef = 24390BDB1CE2D47900F45C67 /* Main.storyboard */; };
		24390BDF1CE2D47900F45C67 /* Assets.xcassets in Resources */ = {isa = PBXBuildFile; fileRef = 24390BDE1CE2D47900F45C67 /* Assets.xcassets */; };
		24390BE21CE2D47900F45C67 /* LaunchScreen.storyboard in Resources */ = {isa = PBXBuildFile; fileRef = 24390BE01CE2D47900F45C67 /* LaunchScreen.storyboard */; };
		24BC9CB31CE44B7100371CE1 /* OTMConstants.swift in Sources */ = {isa = PBXBuildFile; fileRef = 24BC9CB21CE44B7100371CE1 /* OTMConstants.swift */; };
		24BC9CB51CE44C2200371CE1 /* OTMStudentLocation.swift in Sources */ = {isa = PBXBuildFile; fileRef = 24BC9CB41CE44C2200371CE1 /* OTMStudentLocation.swift */; };
		24D8A8401CE4832F00503165 /* StudentListViewController.swift in Sources */ = {isa = PBXBuildFile; fileRef = 24D8A83F1CE4832F00503165 /* StudentListViewController.swift */; };
		24D8A8421CE48A5E00503165 /* StudentMapViewController.swift in Sources */ = {isa = PBXBuildFile; fileRef = 24D8A8411CE48A5E00503165 /* StudentMapViewController.swift */; };
		24F9847F1CE42675000686F9 /* OTMClient.swift in Sources */ = {isa = PBXBuildFile; fileRef = 24F9847E1CE42675000686F9 /* OTMClient.swift */; };
/* End PBXBuildFile section */

/* Begin PBXFileReference section */
		241C0FAF1CE4A51E00B9CB38 /* StudentLocationAnnotation.swift */ = {isa = PBXFileReference; fileEncoding = 4; lastKnownFileType = sourcecode.swift; path = StudentLocationAnnotation.swift; sourceTree = "<group>"; };
		24390BD41CE2D47900F45C67 /* OnTheMap.app */ = {isa = PBXFileReference; explicitFileType = wrapper.application; includeInIndex = 0; path = OnTheMap.app; sourceTree = BUILT_PRODUCTS_DIR; };
		24390BD71CE2D47900F45C67 /* AppDelegate.swift */ = {isa = PBXFileReference; lastKnownFileType = sourcecode.swift; path = AppDelegate.swift; sourceTree = "<group>"; };
		24390BD91CE2D47900F45C67 /* LoginViewController.swift */ = {isa = PBXFileReference; lastKnownFileType = sourcecode.swift; path = LoginViewController.swift; sourceTree = "<group>"; };
		24390BDC1CE2D47900F45C67 /* Base */ = {isa = PBXFileReference; lastKnownFileType = file.storyboard; name = Base; path = Base.lproj/Main.storyboard; sourceTree = "<group>"; };
		24390BDE1CE2D47900F45C67 /* Assets.xcassets */ = {isa = PBXFileReference; lastKnownFileType = folder.assetcatalog; path = Assets.xcassets; sourceTree = "<group>"; };
		24390BE11CE2D47900F45C67 /* Base */ = {isa = PBXFileReference; lastKnownFileType = file.storyboard; name = Base; path = Base.lproj/LaunchScreen.storyboard; sourceTree = "<group>"; };
		24390BE31CE2D47900F45C67 /* Info.plist */ = {isa = PBXFileReference; lastKnownFileType = text.plist.xml; path = Info.plist; sourceTree = "<group>"; };
		24BC9CB21CE44B7100371CE1 /* OTMConstants.swift */ = {isa = PBXFileReference; fileEncoding = 4; lastKnownFileType = sourcecode.swift; path = OTMConstants.swift; sourceTree = "<group>"; };
		24BC9CB41CE44C2200371CE1 /* OTMStudentLocation.swift */ = {isa = PBXFileReference; fileEncoding = 4; lastKnownFileType = sourcecode.swift; path = OTMStudentLocation.swift; sourceTree = "<group>"; };
		24D8A83F1CE4832F00503165 /* StudentListViewController.swift */ = {isa = PBXFileReference; fileEncoding = 4; lastKnownFileType = sourcecode.swift; path = StudentListViewController.swift; sourceTree = "<group>"; };
		24D8A8411CE48A5E00503165 /* StudentMapViewController.swift */ = {isa = PBXFileReference; fileEncoding = 4; lastKnownFileType = sourcecode.swift; path = StudentMapViewController.swift; sourceTree = "<group>"; };
		24F9847E1CE42675000686F9 /* OTMClient.swift */ = {isa = PBXFileReference; fileEncoding = 4; lastKnownFileType = sourcecode.swift; path = OTMClient.swift; sourceTree = "<group>"; };
/* End PBXFileReference section */

/* Begin PBXFrameworksBuildPhase section */
		24390BD11CE2D47900F45C67 /* Frameworks */ = {
			isa = PBXFrameworksBuildPhase;
			buildActionMask = 2147483647;
			files = (
			);
			runOnlyForDeploymentPostprocessing = 0;
		};
/* End PBXFrameworksBuildPhase section */

/* Begin PBXGroup section */
		24390BCB1CE2D47900F45C67 = {
			isa = PBXGroup;
			children = (
				24390BD61CE2D47900F45C67 /* OnTheMap */,
				24390BD51CE2D47900F45C67 /* Products */,
			);
			sourceTree = "<group>";
		};
		24390BD51CE2D47900F45C67 /* Products */ = {
			isa = PBXGroup;
			children = (
				24390BD41CE2D47900F45C67 /* OnTheMap.app */,
			);
			name = Products;
			sourceTree = "<group>";
		};
		24390BD61CE2D47900F45C67 /* OnTheMap */ = {
			isa = PBXGroup;
			children = (
				24390BD71CE2D47900F45C67 /* AppDelegate.swift */,
				24F9847E1CE42675000686F9 /* OTMClient.swift */,
				24BC9CB21CE44B7100371CE1 /* OTMConstants.swift */,
				24BC9CB41CE44C2200371CE1 /* OTMStudentLocation.swift */,
				241C0FAF1CE4A51E00B9CB38 /* StudentLocationAnnotation.swift */,
				24390BD91CE2D47900F45C67 /* LoginViewController.swift */,
				24D8A83F1CE4832F00503165 /* StudentListViewController.swift */,
				24D8A8411CE48A5E00503165 /* StudentMapViewController.swift */,
				24390BDB1CE2D47900F45C67 /* Main.storyboard */,
				24390BDE1CE2D47900F45C67 /* Assets.xcassets */,
				24390BE01CE2D47900F45C67 /* LaunchScreen.storyboard */,
				24390BE31CE2D47900F45C67 /* Info.plist */,
			);
			path = OnTheMap;
			sourceTree = "<group>";
		};
/* End PBXGroup section */

/* Begin PBXNativeTarget section */
		24390BD31CE2D47900F45C67 /* OnTheMap */ = {
			isa = PBXNativeTarget;
			buildConfigurationList = 24390BE61CE2D47A00F45C67 /* Build configuration list for PBXNativeTarget "OnTheMap" */;
			buildPhases = (
				24390BD01CE2D47900F45C67 /* Sources */,
				24390BD11CE2D47900F45C67 /* Frameworks */,
				24390BD21CE2D47900F45C67 /* Resources */,
			);
			buildRules = (
			);
			dependencies = (
			);
			name = OnTheMap;
			productName = OnTheMap;
			productReference = 24390BD41CE2D47900F45C67 /* OnTheMap.app */;
			productType = "com.apple.product-type.application";
		};
/* End PBXNativeTarget section */

/* Begin PBXProject section */
		24390BCC1CE2D47900F45C67 /* Project object */ = {
			isa = PBXProject;
			attributes = {
				LastSwiftUpdateCheck = 0730;
				LastUpgradeCheck = 0730;
				ORGANIZATIONNAME = "Atikur Rahman";
				TargetAttributes = {
					24390BD31CE2D47900F45C67 = {
						CreatedOnToolsVersion = 7.3;
					};
				};
			};
			buildConfigurationList = 24390BCF1CE2D47900F45C67 /* Build configuration list for PBXProject "OnTheMap" */;
			compatibilityVersion = "Xcode 3.2";
			developmentRegion = English;
			hasScannedForEncodings = 0;
			knownRegions = (
				en,
				Base,
			);
			mainGroup = 24390BCB1CE2D47900F45C67;
			productRefGroup = 24390BD51CE2D47900F45C67 /* Products */;
			projectDirPath = "";
			projectRoot = "";
			targets = (
				24390BD31CE2D47900F45C67 /* OnTheMap */,
			);
		};
/* End PBXProject section */

/* Begin PBXResourcesBuildPhase section */
		24390BD21CE2D47900F45C67 /* Resources */ = {
			isa = PBXResourcesBuildPhase;
			buildActionMask = 2147483647;
			files = (
				24390BE21CE2D47900F45C67 /* LaunchScreen.storyboard in Resources */,
				24390BDF1CE2D47900F45C67 /* Assets.xcassets in Resources */,
				24390BDD1CE2D47900F45C67 /* Main.storyboard in Resources */,
			);
			runOnlyForDeploymentPostprocessing = 0;
		};
/* End PBXResourcesBuildPhase section */

/* Begin PBXSourcesBuildPhase section */
		24390BD01CE2D47900F45C67 /* Sources */ = {
			isa = PBXSourcesBuildPhase;
			buildActionMask = 2147483647;
			files = (
				24BC9CB51CE44C2200371CE1 /* OTMStudentLocation.swift in Sources */,
				24390BDA1CE2D47900F45C67 /* LoginViewController.swift in Sources */,
				24F9847F1CE42675000686F9 /* OTMClient.swift in Sources */,
				24BC9CB31CE44B7100371CE1 /* OTMConstants.swift in Sources */,
				24D8A8401CE4832F00503165 /* StudentListViewController.swift in Sources */,
				241C0FB01CE4A51E00B9CB38 /* StudentLocationAnnotation.swift in Sources */,
				24390BD81CE2D47900F45C67 /* AppDelegate.swift in Sources */,
				24D8A8421CE48A5E00503165 /* StudentMapViewController.swift in Sources */,
			);
			runOnlyForDeploymentPostprocessing = 0;
		};
/* End PBXSourcesBuildPhase section */

/* Begin PBXVariantGroup section */
		24390BDB1CE2D47900F45C67 /* Main.storyboard */ = {
			isa = PBXVariantGroup;
			children = (
				24390BDC1CE2D47900F45C67 /* Base */,
			);
			name = Main.storyboard;
			sourceTree = "<group>";
		};
		24390BE01CE2D47900F45C67 /* LaunchScreen.storyboard */ = {
			isa = PBXVariantGroup;
			children = (
				24390BE11CE2D47900F45C67 /* Base */,
			);
			name = LaunchScreen.storyboard;
			sourceTree = "<group>";
		};
/* End PBXVariantGroup section */

/* Begin XCBuildConfiguration section */
		24390BE41CE2D47A00F45C67 /* Debug */ = {
			isa = XCBuildConfiguration;
			buildSettings = {
				ALWAYS_SEARCH_USER_PATHS = NO;
				CLANG_ANALYZER_NONNULL = YES;
				CLANG_CXX_LANGUAGE_STANDARD = "gnu++0x";
				CLANG_CXX_LIBRARY = "libc++";
				CLANG_ENABLE_MODULES = YES;
				CLANG_ENABLE_OBJC_ARC = YES;
				CLANG_WARN_BOOL_CONVERSION = YES;
				CLANG_WARN_CONSTANT_CONVERSION = YES;
				CLANG_WARN_DIRECT_OBJC_ISA_USAGE = YES_ERROR;
				CLANG_WARN_EMPTY_BODY = YES;
				CLANG_WARN_ENUM_CONVERSION = YES;
				CLANG_WARN_INT_CONVERSION = YES;
				CLANG_WARN_OBJC_ROOT_CLASS = YES_ERROR;
				CLANG_WARN_UNREACHABLE_CODE = YES;
				CLANG_WARN__DUPLICATE_METHOD_MATCH = YES;
				"CODE_SIGN_IDENTITY[sdk=iphoneos*]" = "iPhone Developer";
				COPY_PHASE_STRIP = NO;
				DEBUG_INFORMATION_FORMAT = dwarf;
				ENABLE_STRICT_OBJC_MSGSEND = YES;
				ENABLE_TESTABILITY = YES;
				GCC_C_LANGUAGE_STANDARD = gnu99;
				GCC_DYNAMIC_NO_PIC = NO;
				GCC_NO_COMMON_BLOCKS = YES;
				GCC_OPTIMIZATION_LEVEL = 0;
				GCC_PREPROCESSOR_DEFINITIONS = (
					"DEBUG=1",
					"$(inherited)",
				);
				GCC_WARN_64_TO_32_BIT_CONVERSION = YES;
				GCC_WARN_ABOUT_RETURN_TYPE = YES_ERROR;
				GCC_WARN_UNDECLARED_SELECTOR = YES;
				GCC_WARN_UNINITIALIZED_AUTOS = YES_AGGRESSIVE;
				GCC_WARN_UNUSED_FUNCTION = YES;
				GCC_WARN_UNUSED_VARIABLE = YES;
				IPHONEOS_DEPLOYMENT_TARGET = 9.3;
				MTL_ENABLE_DEBUG_INFO = YES;
				ONLY_ACTIVE_ARCH = YES;
				SDKROOT = iphoneos;
				SWIFT_OPTIMIZATION_LEVEL = "-Onone";
				TARGETED_DEVICE_FAMILY = "1,2";
			};
			name = Debug;
		};
		24390BE51CE2D47A00F45C67 /* Release */ = {
			isa = XCBuildConfiguration;
			buildSettings = {
				ALWAYS_SEARCH_USER_PATHS = NO;
				CLANG_ANALYZER_NONNULL = YES;
				CLANG_CXX_LANGUAGE_STANDARD = "gnu++0x";
				CLANG_CXX_LIBRARY = "libc++";
				CLANG_ENABLE_MODULES = YES;
				CLANG_ENABLE_OBJC_ARC = YES;
				CLANG_WARN_BOOL_CONVERSION = YES;
				CLANG_WARN_CONSTANT_CONVERSION = YES;
				CLANG_WARN_DIRECT_OBJC_ISA_USAGE = YES_ERROR;
				CLANG_WARN_EMPTY_BODY = YES;
				CLANG_WARN_ENUM_CONVERSION = YES;
				CLANG_WARN_INT_CONVERSION = YES;
				CLANG_WARN_OBJC_ROOT_CLASS = YES_ERROR;
				CLANG_WARN_UNREACHABLE_CODE = YES;
				CLANG_WARN__DUPLICATE_METHOD_MATCH = YES;
				"CODE_SIGN_IDENTITY[sdk=iphoneos*]" = "iPhone Developer";
				COPY_PHASE_STRIP = NO;
				DEBUG_INFORMATION_FORMAT = "dwarf-with-dsym";
				ENABLE_NS_ASSERTIONS = NO;
				ENABLE_STRICT_OBJC_MSGSEND = YES;
				GCC_C_LANGUAGE_STANDARD = gnu99;
				GCC_NO_COMMON_BLOCKS = YES;
				GCC_WARN_64_TO_32_BIT_CONVERSION = YES;
				GCC_WARN_ABOUT_RETURN_TYPE = YES_ERROR;
				GCC_WARN_UNDECLARED_SELECTOR = YES;
				GCC_WARN_UNINITIALIZED_AUTOS = YES_AGGRESSIVE;
				GCC_WARN_UNUSED_FUNCTION = YES;
				GCC_WARN_UNUSED_VARIABLE = YES;
				IPHONEOS_DEPLOYMENT_TARGET = 9.3;
				MTL_ENABLE_DEBUG_INFO = NO;
				SDKROOT = iphoneos;
				TARGETED_DEVICE_FAMILY = "1,2";
				VALIDATE_PRODUCT = YES;
			};
			name = Release;
		};
		24390BE71CE2D47A00F45C67 /* Debug */ = {
			isa = XCBuildConfiguration;
			buildSettings = {
				ASSETCATALOG_COMPILER_APPICON_NAME = AppIcon;
				INFOPLIST_FILE = OnTheMap/Info.plist;
				LD_RUNPATH_SEARCH_PATHS = "$(inherited) @executable_path/Frameworks";
				PRODUCT_BUNDLE_IDENTIFIER = com.atikur.OnTheMap;
				PRODUCT_NAME = "$(TARGET_NAME)";
			};
			name = Debug;
		};
		24390BE81CE2D47A00F45C67 /* Release */ = {
			isa = XCBuildConfiguration;
			buildSettings = {
				ASSETCATALOG_COMPILER_APPICON_NAME = AppIcon;
				INFOPLIST_FILE = OnTheMap/Info.plist;
				LD_RUNPATH_SEARCH_PATHS = "$(inherited) @executable_path/Frameworks";
				PRODUCT_BUNDLE_IDENTIFIER = com.atikur.OnTheMap;
				PRODUCT_NAME = "$(TARGET_NAME)";
			};
			name = Release;
		};
/* End XCBuildConfiguration section */

/* Begin XCConfigurationList section */
		24390BCF1CE2D47900F45C67 /* Build configuration list for PBXProject "OnTheMap" */ = {
			isa = XCConfigurationList;
			buildConfigurations = (
				24390BE41CE2D47A00F45C67 /* Debug */,
				24390BE51CE2D47A00F45C67 /* Release */,
			);
			defaultConfigurationIsVisible = 0;
			defaultConfigurationName = Release;
		};
		24390BE61CE2D47A00F45C67 /* Build configuration list for PBXNativeTarget "OnTheMap" */ = {
			isa = XCConfigurationList;
			buildConfigurations = (
				24390BE71CE2D47A00F45C67 /* Debug */,
				24390BE81CE2D47A00F45C67 /* Release */,
			);
			defaultConfigurationIsVisible = 0;
			defaultConfigurationName = Release;
		};
/* End XCConfigurationList section */
	};
	rootObject = 24390BCC1CE2D47900F45C67 /* Project object */;
}
